# @generated - this file is auto-generated by `mise lock` https://mise.jdx.dev/dev-tools/mise-lock.html

[[tools."cargo:bacon"]]
version = "3.25.0"
backend = "cargo:bacon"

[[tools."github:cargo-bins/cargo-binstall"]]
version = "1.23.0"
backend = "github:cargo-bins/cargo-binstall"

[tools."github:cargo-bins/cargo-binstall"."platforms.linux-x64"]
checksum = "sha256:cdada45ad6bb501185ab309f5eef3f628b6bc44460746565cb3e0c7538815bf3"
url = "https://github.com/cargo-bins/cargo-binstall/releases/download/v1.23.0/cargo-binstall-x86_64-unknown-linux-gnu.tgz"
url_api = "https://api.github.com/repos/cargo-bins/cargo-binstall/releases/assets/546062151"
provenance = "github-attestations"

[tools."github:cargo-bins/cargo-binstall"."platforms.macos-arm64"]
checksum = "sha256:0f679c0bc992c6b84fdcbb0f65492588447d26596ef387cb6cb1ba41ad8ceb33"
url = "https://github.com/cargo-bins/cargo-binstall/releases/download/v1.23.0/cargo-binstall-aarch64-apple-darwin.zip"
url_api = "https://api.github.com/repos/cargo-bins/cargo-binstall/releases/assets/546062768"
provenance = "github-attestations"

[tools."github:cargo-bins/cargo-binstall"."platforms.macos-x64"]
checksum = "sha256:5b4d6cd99651318e17a26ed9bab7505de0f496d88793a7735a0fc6e2079efe83"
url = "https://github.com/cargo-bins/cargo-binstall/releases/download/v1.23.0/cargo-binstall-x86_64-apple-darwin.zip"
url_api = "https://api.github.com/repos/cargo-bins/cargo-binstall/releases/assets/546062270"
provenance = "github-attestations"

[[tools."github:cargo-generate/cargo-generate"]]
version = "0.24.0"
backend = "github:cargo-generate/cargo-generate"

[tools."github:cargo-generate/cargo-generate"."platforms.linux-x64"]
checksum = "sha256:f35b84122e314c09e000a0abfffc7267f287b8dc89074ae43fe707efce80b7a3"
url = "https://github.com/cargo-generate/cargo-generate/releases/download/v0.24.0/cargo-generate-v0.24.0-x86_64-unknown-linux-gnu.tar.gz"
url_api = "https://api.github.com/repos/cargo-generate/cargo-generate/releases/assets/538592249"

[tools."github:cargo-generate/cargo-generate"."platforms.macos-arm64"]
checksum = "sha256:88e9a98634562f86c1bb01a5f98e6efb7f9f4bd3c70b3a4f1d112cb1efd04584"
url = "https://github.com/cargo-generate/cargo-generate/releases/download/v0.24.0/cargo-generate-v0.24.0-aarch64-apple-darwin.tar.gz"
url_api = "https://api.github.com/repos/cargo-generate/cargo-generate/releases/assets/538592628"

[tools."github:cargo-generate/cargo-generate"."platforms.macos-x64"]
checksum = "sha256:787e4fe2969eca7a1bb2c23c48dc10da273786b07d443bdd9aa03c5a6c227329"
url = "https://github.com/cargo-generate/cargo-generate/releases/download/v0.24.0/cargo-generate-v0.24.0-x86_64-apple-darwin.tar.gz"
url_api = "https://api.github.com/repos/cargo-generate/cargo-generate/releases/assets/538588928"

[[tools."github:nextest-rs/nextest"]]
version = "0.9.144"
backend = "github:nextest-rs/nextest"

[tools."github:nextest-rs/nextest".options]
version_prefix = "cargo-nextest-"

[tools."github:nextest-rs/nextest"."platforms.linux-x64"]
checksum = "sha256:8a4f726272b0a1c499bd87ca3978bfbb1a8c20bb08ccf075b9996e2081bd1e1e"
url = "https://github.com/nextest-rs/nextest/releases/download/cargo-nextest-0.9.144/cargo-nextest-0.9.144-x86_64-unknown-linux-gnu.tar.gz"
url_api = "https://api.github.com/repos/nextest-rs/nextest/releases/assets/555799959"
provenance = "github-attestations"

[tools."github:nextest-rs/nextest"."platforms.macos-arm64"]
checksum = "sha256:87472b2c3ee09154cadd34d168a5cdede478806810f095c3dc4dc499943da42e"
url = "https://github.com/nextest-rs/nextest/releases/download/cargo-nextest-0.9.144/cargo-nextest-0.9.144-universal-apple-darwin.tar.gz"
url_api = "https://api.github.com/repos/nextest-rs/nextest/releases/assets/555817983"
provenance = "github-attestations"

[tools."github:nextest-rs/nextest"."platforms.macos-x64"]
checksum = "sha256:87472b2c3ee09154cadd34d168a5cdede478806810f095c3dc4dc499943da42e"
url = "https://github.com/nextest-rs/nextest/releases/download/cargo-nextest-0.9.144/cargo-nextest-0.9.144-universal-apple-darwin.tar.gz"
url_api = "https://api.github.com/repos/nextest-rs/nextest/releases/assets/555817983"
provenance = "github-attestations"

[[tools."github:tareqimbasher/cargo-seek"]]
version = "0.2.0"
backend = "github:tareqimbasher/cargo-seek"

[tools."github:tareqimbasher/cargo-seek"."platforms.linux-x64"]
checksum = "sha256:6a64951c47f391ddfc576cbafe8e7db14b3df6d922461f8f00ee709d0599a9a6"
url = "https://github.com/tareqimbasher/cargo-seek/releases/download/v0.2.0/cargo-seek-v0.2.0-linux-x86_64.tar.gz"
url_api = "https://api.github.com/repos/tareqimbasher/cargo-seek/releases/assets/470764884"

[tools."github:tareqimbasher/cargo-seek"."platforms.macos-arm64"]
checksum = "sha256:ddba8b69ababbe87d07b94403f351df4ad19311e99aa35dcbf883f5343cc94b2"
url = "https://github.com/tareqimbasher/cargo-seek/releases/download/v0.2.0/cargo-seek-v0.2.0-macos-arm64.tar.gz"
url_api = "https://api.github.com/repos/tareqimbasher/cargo-seek/releases/assets/470764887"

[tools."github:tareqimbasher/cargo-seek"."platforms.macos-x64"]
checksum = "sha256:b4f800f9cb7eb08d523a16829132b4b4cfa2319e875913d93cbe2bbf98f3b6ed"
url = "https://github.com/tareqimbasher/cargo-seek/releases/download/v0.2.0/cargo-seek-v0.2.0-macos-x86_64.tar.gz"
url_api = "https://api.github.com/repos/tareqimbasher/cargo-seek/releases/assets/470764879"

[[tools."github:watchexec/watchexec"]]
version = "2.7.2"
backend = "github:watchexec/watchexec"

[tools."github:watchexec/watchexec"."platforms.linux-x64"]
checksum = "sha256:b5b3cf6fd45ce2503bae90ba4017f85d62314b427b91c06818ff39a4c46930c4"
url = "https://github.com/watchexec/watchexec/releases/download/v2.7.2/watchexec-2.7.2-x86_64-unknown-linux-gnu.tar.xz"
url_api = "https://api.github.com/repos/watchexec/watchexec/releases/assets/546730436"

[tools."github:watchexec/watchexec"."platforms.macos-arm64"]
checksum = "sha256:31e553b7160720796266168987c5e0728c388cc4776a26297b6a9feb00ab6437"
url = "https://github.com/watchexec/watchexec/releases/download/v2.7.2/watchexec-2.7.2-aarch64-apple-darwin.tar.xz"
url_api = "https://api.github.com/repos/watchexec/watchexec/releases/assets/546730424"

[tools."github:watchexec/watchexec"."platforms.macos-x64"]
checksum = "sha256:6a5481a14165f30da8826c7ae1ab3501402328834e7e2483d7c8b7ec4e608810"
url = "https://github.com/watchexec/watchexec/releases/download/v2.7.2/watchexec-2.7.2-x86_64-apple-darwin.tar.xz"
url_api = "https://api.github.com/repos/watchexec/watchexec/releases/assets/546730396"

[[tools.rust]]
version = "nightly-2026-09-06"
backend = "core:rust"

[tools.rust.options]
components = "clippy,rust-analyzer,rustfmt"
profile = "minimal"
